
Microsoft Visual Studio Solution File, Format Version 12.00
# Visual Studio Version 17
VisualStudioVersion = 17.0.31912.275
MinimumVisualStudioVersion = 10.0.40219.1
Project("{9A19103F-16F7-4668-BE54-9A1E7A4F7556}") = "Flone.Api.Models", "Flone.Api.Model\Flone.Api.Models.csproj", "{1D16295C-FE5B-480D-BEC7-6D36B2FB00C3}"
EndProject
Project("{9A19103F-16F7-4668-BE54-9A1E7A4F7556}") = "Flone.Api.Common", "Flone.Api.Common\Flone.Api.Common.csproj", "{74D01DBA-8795-4752-B438-5A6B16A25A29}"
EndProject
Project("{9A19103F-16F7-4668-BE54-9A1E7A4F7556}") = "Flone.Data.Models", "Flone.Data.Models\Flone.Data.Models.csproj", "{B7E0DA29-BA78-4443-9732-0A4729D01E74}"
EndProject
Project("{9A19103F-16F7-4668-BE54-9A1E7A4F7556}") = "Flone.Data.Repository", "Flone.Data.Access\Flone.Data.Repository.csproj", "{3EC6C73C-2A53-4C43-A454-B353E233F9B6}"
EndProject
Project("{9A19103F-16F7-4668-BE54-9A1E7A4F7556}") = "Flone.Data.Queries", "Flone.Data.Queries\Flone.Data.Queries.csproj", "{837B77B4-7EE4-4041-ADA2-752D240AF914}"
EndProject
Project("{9A19103F-16F7-4668-BE54-9A1E7A4F7556}") = "Flone.Security", "Flone.Security\Flone.Security.csproj", "{FFC2EFE6-4E66-46CB-9651-B9850AA91F9E}"
EndProject
Project("{9A19103F-16F7-4668-BE54-9A1E7A4F7556}") = "Flone.Services", "Flone.Services\Flone.Services.csproj", "{01CB4769-D6F5-4A65-B36D-9887DD00BF79}"
EndProject
Project("{2150E333-8FDC-42A3-9474-1A3956D46DE8}") = "Test", "Test", "{6ADEB607-BF34-4BB3-9280-B831021BCFCE}"
EndProject
Project("{9A19103F-16F7-4668-BE54-9A1E7A4F7556}") = "Flone.API.IntegrationTest", "Flone.API.IntegrationTest\Flone.API.IntegrationTest.csproj", "{B4556183-3447-42D3-80DE-DF5A863AFC92}"
EndProject
Project("{9A19103F-16F7-4668-BE54-9A1E7A4F7556}") = "Flone.Queries.Test", "Flone.Queries.Test\Flone.Queries.Test.csproj", "{B301C326-BF44-45EA-9E5F-0F4CF8FA66B3}"
EndProject
Project("{9A19103F-16F7-4668-BE54-9A1E7A4F7556}") = "Flone.Web", "Flone.Web\Flone.Web.csproj", "{3189CB00-0391-4FEF-AB3C-4F64F5001A34}"
EndProject
Global
	GlobalSection(SolutionConfigurationPlatforms) = preSolution
		Debug|Any CPU = Debug|Any CPU
		Release|Any CPU = Release|Any CPU
	EndGlobalSection
	GlobalSection(ProjectConfigurationPlatforms) = postSolution
		{1D16295C-FE5B-480D-BEC7-6D36B2FB00C3}.Debug|Any CPU.ActiveCfg = Debug|Any CPU
		{1D16295C-FE5B-480D-BEC7-6D36B2FB00C3}.Debug|Any CPU.Build.0 = Debug|Any CPU
		{1D16295C-FE5B-480D-BEC7-6D36B2FB00C3}.Release|Any CPU.ActiveCfg = Release|Any CPU
		{1D16295C-FE5B-480D-BEC7-6D36B2FB00C3}.Release|Any CPU.Build.0 = Release|Any CPU
		{74D01DBA-8795-4752-B438-5A6B16A25A29}.Debug|Any CPU.ActiveCfg = Debug|Any CPU
		{74D01DBA-8795-4752-B438-5A6B16A25A29}.Debug|Any CPU.Build.0 = Debug|Any CPU
		{74D01DBA-8795-4752-B438-5A6B16A25A29}.Release|Any CPU.ActiveCfg = Release|Any CPU
		{74D01DBA-8795-4752-B438-5A6B16A25A29}.Release|Any CPU.Build.0 = Release|Any CPU
		{B7E0DA29-BA78-4443-9732-0A4729D01E74}.Debug|Any CPU.ActiveCfg = Debug|Any CPU
		{B7E0DA29-BA78-4443-9732-0A4729D01E74}.Debug|Any CPU.Build.0 = Debug|Any CPU
		{B7E0DA29-BA78-4443-9732-0A4729D01E74}.Release|Any CPU.ActiveCfg = Release|Any CPU
		{B7E0DA29-BA78-4443-9732-0A4729D01E74}.Release|Any CPU.Build.0 = Release|Any CPU
		{3EC6C73C-2A53-4C43-A454-B353E233F9B6}.Debug|Any CPU.ActiveCfg = Debug|Any CPU
		{3EC6C73C-2A53-4C43-A454-B353E233F9B6}.Debug|Any CPU.Build.0 = Debug|Any CPU
		{3EC6C73C-2A53-4C43-A454-B353E233F9B6}.Release|Any CPU.ActiveCfg = Release|Any CPU
		{3EC6C73C-2A53-4C43-A454-B353E233F9B6}.Release|Any CPU.Build.0 = Release|Any CPU
		{837B77B4-7EE4-4041-ADA2-752D240AF914}.Debug|Any CPU.ActiveCfg = Debug|Any CPU
		{837B77B4-7EE4-4041-ADA2-752D240AF914}.Debug|Any CPU.Build.0 = Debug|Any CPU
		{837B77B4-7EE4-4041-ADA2-752D240AF914}.Release|Any CPU.ActiveCfg = Release|Any CPU
		{837B77B4-7EE4-4041-ADA2-752D240AF914}.Release|Any CPU.Build.0 = Release|Any CPU
		{FFC2EFE6-4E66-46CB-9651-B9850AA91F9E}.Debug|Any CPU.ActiveCfg = Debug|Any CPU
		{FFC2EFE6-4E66-46CB-9651-B9850AA91F9E}.Debug|Any CPU.Build.0 = Debug|Any CPU
		{FFC2EFE6-4E66-46CB-9651-B9850AA91F9E}.Release|Any CPU.ActiveCfg = Release|Any CPU
		{FFC2EFE6-4E66-46CB-9651-B9850AA91F9E}.Release|Any CPU.Build.0 = Release|Any CPU
		{01CB4769-D6F5-4A65-B36D-9887DD00BF79}.Debug|Any CPU.ActiveCfg = Debug|Any CPU
		{01CB4769-D6F5-4A65-B36D-9887DD00BF79}.Debug|Any CPU.Build.0 = Debug|Any CPU
		{01CB4769-D6F5-4A65-B36D-9887DD00BF79}.Release|Any CPU.ActiveCfg = Release|Any CPU
		{01CB4769-D6F5-4A65-B36D-9887DD00BF79}.Release|Any CPU.Build.0 = Release|Any CPU
		{B4556183-3447-42D3-80DE-DF5A863AFC92}.Debug|Any CPU.ActiveCfg = Debug|Any CPU
		{B4556183-3447-42D3-80DE-DF5A863AFC92}.Debug|Any CPU.Build.0 = Debug|Any CPU
		{B4556183-3447-42D3-80DE-DF5A863AFC92}.Release|Any CPU.ActiveCfg = Release|Any CPU
		{B4556183-3447-42D3-80DE-DF5A863AFC92}.Release|Any CPU.Build.0 = Release|Any CPU
		{B301C326-BF44-45EA-9E5F-0F4CF8FA66B3}.Debug|Any CPU.ActiveCfg = Debug|Any CPU
		{B301C326-BF44-45EA-9E5F-0F4CF8FA66B3}.Debug|Any CPU.Build.0 = Debug|Any CPU
		{B301C326-BF44-45EA-9E5F-0F4CF8FA66B3}.Release|Any CPU.ActiveCfg = Release|Any CPU
		{B301C326-BF44-45EA-9E5F-0F4CF8FA66B3}.Release|Any CPU.Build.0 = Release|Any CPU
		{3189CB00-0391-4FEF-AB3C-4F64F5001A34}.Debug|Any CPU.ActiveCfg = Debug|Any CPU
		{3189CB00-0391-4FEF-AB3C-4F64F5001A34}.Debug|Any CPU.Build.0 = Debug|Any CPU
		{3189CB00-0391-4FEF-AB3C-4F64F5001A34}.Release|Any CPU.ActiveCfg = Release|Any CPU
		{3189CB00-0391-4FEF-AB3C-4F64F5001A34}.Release|Any CPU.Build.0 = Release|Any CPU
	EndGlobalSection
	GlobalSection(SolutionProperties) = preSolution
		HideSolutionNode = FALSE
	EndGlobalSection
	GlobalSection(NestedProjects) = preSolution
		{B4556183-3447-42D3-80DE-DF5A863AFC92} = {6ADEB607-BF34-4BB3-9280-B831021BCFCE}
		{B301C326-BF44-45EA-9E5F-0F4CF8FA66B3} = {6ADEB607-BF34-4BB3-9280-B831021BCFCE}
	EndGlobalSection
	GlobalSection(ExtensibilityGlobals) = postSolution
		SolutionGuid = {CCBA3DEC-FDCA-4AF9-9F0D-4910E7020944}
	EndGlobalSection
EndGlobal
